
Microsoft Visual Studio Solution File, Format Version 12.00
# Visual Studio 15
VisualStudioVersion = 15.0.27130.2010
MinimumVisualStudioVersion = 10.0.40219.1
Project("{FAE04EC0-301F-11D3-BF4B-00C04F79EFBC}") = "HomeWork3_2", "HomeWork3_2\HomeWork3_2.csproj", "{AE42C587-BD9D-4147-8C1E-BA7A9458ED45}"
EndProject
Global
	GlobalSection(SolutionConfigurationPlatforms) = preSolution
		Debug|Any CPU = Debug|Any CPU
		Release|Any CPU = Release|Any CPU
	EndGlobalSection
	GlobalSection(ProjectConfigurationPlatforms) = postSolution
		{AE42C587-BD9D-4147-8C1E-BA7A9458ED45}.Debug|Any CPU.ActiveCfg = Debug|Any CPU
		{AE42C587-BD9D-4147-8C1E-BA7A9458ED45}.Debug|Any CPU.Build.0 = Debug|Any CPU
		{AE42C587-BD9D-4147-8C1E-BA7A9458ED45}.Release|Any CPU.ActiveCfg = Release|Any CPU
		{AE42C587-BD9D-4147-8C1E-BA7A9458ED45}.Release|Any CPU.Build.0 = Release|Any CPU
	EndGlobalSection
	GlobalSection(SolutionProperties) = preSolution
		HideSolutionNode = FALSE
	EndGlobalSection
	GlobalSection(ExtensibilityGlobals) = postSolution
		SolutionGuid = {B865C258-E1EB-4916-9005-5FDB0511B524}
	EndGlobalSection
EndGlobal
