
Microsoft Visual Studio Solution File, Format Version 12.00
# Visual Studio 15
VisualStudioVersion = 15.0.27130.2010
MinimumVisualStudioVersion = 10.0.40219.1
Project("{FAE04EC0-301F-11D3-BF4B-00C04F79EFBC}") = "WPF_Gallery", "WPF_Gallery\WPF_Gallery.csproj", "{B484337F-9CBD-48CF-B349-6020DAA8FDE4}"
EndProject
Global
	GlobalSection(SolutionConfigurationPlatforms) = preSolution
		Debug|Any CPU = Debug|Any CPU
		Release|Any CPU = Release|Any CPU
	EndGlobalSection
	GlobalSection(ProjectConfigurationPlatforms) = postSolution
		{B484337F-9CBD-48CF-B349-6020DAA8FDE4}.Debug|Any CPU.ActiveCfg = Debug|Any CPU
		{B484337F-9CBD-48CF-B349-6020DAA8FDE4}.Debug|Any CPU.Build.0 = Debug|Any CPU
		{B484337F-9CBD-48CF-B349-6020DAA8FDE4}.Release|Any CPU.ActiveCfg = Release|Any CPU
		{B484337F-9CBD-48CF-B349-6020DAA8FDE4}.Release|Any CPU.Build.0 = Release|Any CPU
	EndGlobalSection
	GlobalSection(SolutionProperties) = preSolution
		HideSolutionNode = FALSE
	EndGlobalSection
	GlobalSection(ExtensibilityGlobals) = postSolution
		SolutionGuid = {928046A7-E6F6-46A7-9CCF-2E2591A08DFD}
	EndGlobalSection
EndGlobal
