
Microsoft Visual Studio Solution File, Format Version 12.00
# Visual Studio 2013
VisualStudioVersion = 12.0.21005.1
MinimumVisualStudioVersion = 10.0.40219.1
Project("{FAE04EC0-301F-11D3-BF4B-00C04F79EFBC}") = "BankServiceProject", "ІBankService\BankServiceProject.csproj", "{84510D90-5CC2-4CAE-8923-373E8CA2C9DA}"
EndProject
Project("{FAE04EC0-301F-11D3-BF4B-00C04F79EFBC}") = "Host", "Host\Host.csproj", "{B61F2618-159F-4C8C-9BB3-33F06F0E822D}"
EndProject
Global
	GlobalSection(SolutionConfigurationPlatforms) = preSolution
		Debug|Any CPU = Debug|Any CPU
		Release|Any CPU = Release|Any CPU
	EndGlobalSection
	GlobalSection(ProjectConfigurationPlatforms) = postSolution
		{84510D90-5CC2-4CAE-8923-373E8CA2C9DA}.Debug|Any CPU.ActiveCfg = Debug|Any CPU
		{84510D90-5CC2-4CAE-8923-373E8CA2C9DA}.Debug|Any CPU.Build.0 = Debug|Any CPU
		{84510D90-5CC2-4CAE-8923-373E8CA2C9DA}.Release|Any CPU.ActiveCfg = Release|Any CPU
		{84510D90-5CC2-4CAE-8923-373E8CA2C9DA}.Release|Any CPU.Build.0 = Release|Any CPU
		{B61F2618-159F-4C8C-9BB3-33F06F0E822D}.Debug|Any CPU.ActiveCfg = Debug|Any CPU
		{B61F2618-159F-4C8C-9BB3-33F06F0E822D}.Debug|Any CPU.Build.0 = Debug|Any CPU
		{B61F2618-159F-4C8C-9BB3-33F06F0E822D}.Release|Any CPU.ActiveCfg = Release|Any CPU
		{B61F2618-159F-4C8C-9BB3-33F06F0E822D}.Release|Any CPU.Build.0 = Release|Any CPU
	EndGlobalSection
	GlobalSection(SolutionProperties) = preSolution
		HideSolutionNode = FALSE
	EndGlobalSection
EndGlobal
