
Microsoft Visual Studio Solution File, Format Version 12.00
# Visual Studio 15
VisualStudioVersion = 15.0.28307.271
MinimumVisualStudioVersion = 10.0.40219.1
Project("{FAE04EC0-301F-11D3-BF4B-00C04F79EFBC}") = "Tasks", "Tasks\Tasks.csproj", "{518D663E-1C80-4F3A-B920-91F9BD67F6B2}"
EndProject
Global
	GlobalSection(SolutionConfigurationPlatforms) = preSolution
		Debug|Any CPU = Debug|Any CPU
		Release|Any CPU = Release|Any CPU
	EndGlobalSection
	GlobalSection(ProjectConfigurationPlatforms) = postSolution
		{518D663E-1C80-4F3A-B920-91F9BD67F6B2}.Debug|Any CPU.ActiveCfg = Debug|Any CPU
		{518D663E-1C80-4F3A-B920-91F9BD67F6B2}.Debug|Any CPU.Build.0 = Debug|Any CPU
		{518D663E-1C80-4F3A-B920-91F9BD67F6B2}.Release|Any CPU.ActiveCfg = Release|Any CPU
		{518D663E-1C80-4F3A-B920-91F9BD67F6B2}.Release|Any CPU.Build.0 = Release|Any CPU
	EndGlobalSection
	GlobalSection(SolutionProperties) = preSolution
		HideSolutionNode = FALSE
	EndGlobalSection
	GlobalSection(ExtensibilityGlobals) = postSolution
		SolutionGuid = {4E48FD63-0C98-484C-9111-F3A621A30149}
	EndGlobalSection
EndGlobal
