
Microsoft Visual Studio Solution File, Format Version 12.00
# Visual Studio 15
VisualStudioVersion = 15.0.27130.2010
MinimumVisualStudioVersion = 10.0.40219.1
Project("{FAE04EC0-301F-11D3-BF4B-00C04F79EFBC}") = "HomeWork8_1", "HomeWork8_1\HomeWork8_1.csproj", "{13EE9568-E986-4A05-93B6-B4DD822CC1BC}"
EndProject
Global
	GlobalSection(SolutionConfigurationPlatforms) = preSolution
		Debug|Any CPU = Debug|Any CPU
		Release|Any CPU = Release|Any CPU
	EndGlobalSection
	GlobalSection(ProjectConfigurationPlatforms) = postSolution
		{13EE9568-E986-4A05-93B6-B4DD822CC1BC}.Debug|Any CPU.ActiveCfg = Debug|Any CPU
		{13EE9568-E986-4A05-93B6-B4DD822CC1BC}.Debug|Any CPU.Build.0 = Debug|Any CPU
		{13EE9568-E986-4A05-93B6-B4DD822CC1BC}.Release|Any CPU.ActiveCfg = Release|Any CPU
		{13EE9568-E986-4A05-93B6-B4DD822CC1BC}.Release|Any CPU.Build.0 = Release|Any CPU
	EndGlobalSection
	GlobalSection(SolutionProperties) = preSolution
		HideSolutionNode = FALSE
	EndGlobalSection
	GlobalSection(ExtensibilityGlobals) = postSolution
		SolutionGuid = {A8274107-806D-45AD-9851-1DBCDB450B7A}
	EndGlobalSection
EndGlobal
