
Microsoft Visual Studio Solution File, Format Version 12.00
# Visual Studio 15
VisualStudioVersion = 15.0.28307.421
MinimumVisualStudioVersion = 10.0.40219.1
Project("{FAE04EC0-301F-11D3-BF4B-00C04F79EFBC}") = "CodeFirstSportsmens", "CodeFirstSportsmens\CodeFirstSportsmens.csproj", "{CEF1A7AF-97E5-4A4D-A1A1-1D4F15D60086}"
EndProject
Global
	GlobalSection(SolutionConfigurationPlatforms) = preSolution
		Debug|Any CPU = Debug|Any CPU
		Release|Any CPU = Release|Any CPU
	EndGlobalSection
	GlobalSection(ProjectConfigurationPlatforms) = postSolution
		{CEF1A7AF-97E5-4A4D-A1A1-1D4F15D60086}.Debug|Any CPU.ActiveCfg = Debug|Any CPU
		{CEF1A7AF-97E5-4A4D-A1A1-1D4F15D60086}.Debug|Any CPU.Build.0 = Debug|Any CPU
		{CEF1A7AF-97E5-4A4D-A1A1-1D4F15D60086}.Release|Any CPU.ActiveCfg = Release|Any CPU
		{CEF1A7AF-97E5-4A4D-A1A1-1D4F15D60086}.Release|Any CPU.Build.0 = Release|Any CPU
	EndGlobalSection
	GlobalSection(SolutionProperties) = preSolution
		HideSolutionNode = FALSE
	EndGlobalSection
	GlobalSection(ExtensibilityGlobals) = postSolution
		SolutionGuid = {51686C30-1DCB-4A64-B9DA-6D41633EAA65}
	EndGlobalSection
EndGlobal
