
Microsoft Visual Studio Solution File, Format Version 12.00
# Visual Studio 15
VisualStudioVersion = 15.0.28307.421
MinimumVisualStudioVersion = 10.0.40219.1
Project("{FAE04EC0-301F-11D3-BF4B-00C04F79EFBC}") = "EasyWeightLoss", "EasyWeightLoss\EasyWeightLoss.csproj", "{2CEFFC49-B009-4A3F-9239-4F8A6DF571EA}"
EndProject
Project("{FAE04EC0-301F-11D3-BF4B-00C04F79EFBC}") = "EasyWeightLoss.DAL", "EasyWeightLoss.DAL\EasyWeightLoss.DAL.csproj", "{F290C91B-7C88-4F96-B411-5FF9A7715025}"
EndProject
Global
	GlobalSection(SolutionConfigurationPlatforms) = preSolution
		Debug|Any CPU = Debug|Any CPU
		Release|Any CPU = Release|Any CPU
	EndGlobalSection
	GlobalSection(ProjectConfigurationPlatforms) = postSolution
		{2CEFFC49-B009-4A3F-9239-4F8A6DF571EA}.Debug|Any CPU.ActiveCfg = Debug|Any CPU
		{2CEFFC49-B009-4A3F-9239-4F8A6DF571EA}.Debug|Any CPU.Build.0 = Debug|Any CPU
		{2CEFFC49-B009-4A3F-9239-4F8A6DF571EA}.Release|Any CPU.ActiveCfg = Release|Any CPU
		{2CEFFC49-B009-4A3F-9239-4F8A6DF571EA}.Release|Any CPU.Build.0 = Release|Any CPU
		{F290C91B-7C88-4F96-B411-5FF9A7715025}.Debug|Any CPU.ActiveCfg = Debug|Any CPU
		{F290C91B-7C88-4F96-B411-5FF9A7715025}.Debug|Any CPU.Build.0 = Debug|Any CPU
		{F290C91B-7C88-4F96-B411-5FF9A7715025}.Release|Any CPU.ActiveCfg = Release|Any CPU
		{F290C91B-7C88-4F96-B411-5FF9A7715025}.Release|Any CPU.Build.0 = Release|Any CPU
	EndGlobalSection
	GlobalSection(SolutionProperties) = preSolution
		HideSolutionNode = FALSE
	EndGlobalSection
	GlobalSection(ExtensibilityGlobals) = postSolution
		SolutionGuid = {3F6B3769-80FD-4026-B19E-A46F563E4C68}
	EndGlobalSection
EndGlobal
