
Microsoft Visual Studio Solution File, Format Version 12.00
# Visual Studio 15
VisualStudioVersion = 15.0.27130.2010
MinimumVisualStudioVersion = 10.0.40219.1
Project("{FAE04EC0-301F-11D3-BF4B-00C04F79EFBC}") = "WindowsFormsDZ_1", "WindowsFormsDZ_1\WindowsFormsDZ_1.csproj", "{9DD61C3F-DF7D-4768-A919-DA78C7F6C071}"
EndProject
Global
	GlobalSection(SolutionConfigurationPlatforms) = preSolution
		Debug|Any CPU = Debug|Any CPU
		Release|Any CPU = Release|Any CPU
	EndGlobalSection
	GlobalSection(ProjectConfigurationPlatforms) = postSolution
		{9DD61C3F-DF7D-4768-A919-DA78C7F6C071}.Debug|Any CPU.ActiveCfg = Debug|Any CPU
		{9DD61C3F-DF7D-4768-A919-DA78C7F6C071}.Debug|Any CPU.Build.0 = Debug|Any CPU
		{9DD61C3F-DF7D-4768-A919-DA78C7F6C071}.Release|Any CPU.ActiveCfg = Release|Any CPU
		{9DD61C3F-DF7D-4768-A919-DA78C7F6C071}.Release|Any CPU.Build.0 = Release|Any CPU
	EndGlobalSection
	GlobalSection(SolutionProperties) = preSolution
		HideSolutionNode = FALSE
	EndGlobalSection
	GlobalSection(ExtensibilityGlobals) = postSolution
		SolutionGuid = {C547B19F-09FC-4F6E-ACB5-B4647DCF4DE0}
	EndGlobalSection
EndGlobal
